
Microsoft Visual Studio Solution File, Format Version 12.00
# Visual Studio Version 17
VisualStudioVersion = 17.4.33103.184
MinimumVisualStudioVersion = 10.0.40219.1
Project("{2150E333-8FDC-42A3-9474-1A3956D46DE8}") = "demo", "demo", "{62241700-24B6-4D13-A183-2502D628ED43}"
EndProject
Project("{2150E333-8FDC-42A3-9474-1A3956D46DE8}") = "src", "src", "{21874FF3-BE97-4F3B-AD63-EC347FF757FF}"
EndProject
Project("{9A19103F-16F7-4668-BE54-9A1E7A4F7556}") = "IntelliTect.AspNetCore.SignalR.SqlServer", "src\IntelliTect.AspNetCore.SignalR.SqlServer\IntelliTect.AspNetCore.SignalR.SqlServer.csproj", "{62E576F6-E0F9-43AC-848E-97E7E93E4EF0}"
EndProject
Project("{9A19103F-16F7-4668-BE54-9A1E7A4F7556}") = "DemoServer", "demo\DemoServer\DemoServer.csproj", "{FACCC87C-37E3-4095-9997-75EE3C54CD49}"
EndProject
Project("{2150E333-8FDC-42A3-9474-1A3956D46DE8}") = "test", "test", "{CA676E97-11D2-4D19-96DA-2B66392A05D5}"
EndProject
Project("{9A19103F-16F7-4668-BE54-9A1E7A4F7556}") = "IntelliTect.AspNetCore.SignalR.SqlServer.Tests", "test\IntelliTect.AspNetCore.SignalR.SqlServer.Tests\IntelliTect.AspNetCore.SignalR.SqlServer.Tests.csproj", "{468B17AA-5509-481D-884E-145978311BBA}"
EndProject
Project("{9A19103F-16F7-4668-BE54-9A1E7A4F7556}") = "DemoBlazorServer", "demo\DemoBlazorServer\DemoBlazorServer.csproj", "{888FC3BC-2589-4A5F-8235-5737053065A6}"
EndProject
Project("{2150E333-8FDC-42A3-9474-1A3956D46DE8}") = "Solution Items", "Solution Items", "{0E5DD0E2-915F-4A3C-BD6A-6AA256EB1339}"
	ProjectSection(SolutionItems) = preProject
		.github\workflows\ci.yml = .github\workflows\ci.yml
		Directory.Build.props = Directory.Build.props
		README.md = README.md
		.github\workflows\release.yml = .github\workflows\release.yml
	EndProjectSection
EndProject
Project("{FAE04EC0-301F-11D3-BF4B-00C04F79EFBC}") = "AspNetCore.SignalR.Npgsql", "AspNetCore.SignalR.Npgsql\AspNetCore.SignalR.Npgsql.csproj", "{C1C28F48-3853-4DE1-8322-FAAC7003967C}"
EndProject
Project("{FAE04EC0-301F-11D3-BF4B-00C04F79EFBC}") = "AspNetCore.SignalR.Npgsql.Tests", "AspNetCore.SignalR.Npgsql.Tests\AspNetCore.SignalR.Npgsql.Tests.csproj", "{2C853D62-1396-4329-BABB-AE270F0150EA}"
EndProject
Project("{2150E333-8FDC-42A3-9474-1A3956D46DE8}") = "examples", "examples", "{05F3437D-4BDE-4E13-9888-DA23E61569C6}"
	ProjectSection(SolutionItems) = preProject
		examples\README.md = examples\README.md
		examples\PROJECT-SUMMARY.md = examples\PROJECT-SUMMARY.md
		examples\docker-compose.yml = examples\docker-compose.yml
		examples\start-multiple-servers.ps1 = examples\start-multiple-servers.ps1
		examples\start-multiple-servers.sh = examples\start-multiple-servers.sh
	EndProjectSection
EndProject
Project("{FAE04EC0-301F-11D3-BF4B-00C04F79EFBC}") = "ChatClient", "examples\ChatClient\ChatClient.csproj", "{EDA385EF-583C-4ABB-988F-9FD369AE1AF4}"
EndProject
Project("{FAE04EC0-301F-11D3-BF4B-00C04F79EFBC}") = "ChatServer", "examples\ChatServer\ChatServer.csproj", "{49F68369-5621-487F-9C12-9DCF447A100E}"
EndProject
Global
	GlobalSection(SolutionConfigurationPlatforms) = preSolution
		Debug|Any CPU = Debug|Any CPU
		Release|Any CPU = Release|Any CPU
	EndGlobalSection
	GlobalSection(ProjectConfigurationPlatforms) = postSolution
		{62E576F6-E0F9-43AC-848E-97E7E93E4EF0}.Debug|Any CPU.ActiveCfg = Debug|Any CPU
		{62E576F6-E0F9-43AC-848E-97E7E93E4EF0}.Debug|Any CPU.Build.0 = Debug|Any CPU
		{62E576F6-E0F9-43AC-848E-97E7E93E4EF0}.Release|Any CPU.ActiveCfg = Release|Any CPU
		{62E576F6-E0F9-43AC-848E-97E7E93E4EF0}.Release|Any CPU.Build.0 = Release|Any CPU
		{FACCC87C-37E3-4095-9997-75EE3C54CD49}.Debug|Any CPU.ActiveCfg = Debug|Any CPU
		{FACCC87C-37E3-4095-9997-75EE3C54CD49}.Debug|Any CPU.Build.0 = Debug|Any CPU
		{FACCC87C-37E3-4095-9997-75EE3C54CD49}.Release|Any CPU.ActiveCfg = Release|Any CPU
		{FACCC87C-37E3-4095-9997-75EE3C54CD49}.Release|Any CPU.Build.0 = Release|Any CPU
		{468B17AA-5509-481D-884E-145978311BBA}.Debug|Any CPU.ActiveCfg = Debug|Any CPU
		{468B17AA-5509-481D-884E-145978311BBA}.Debug|Any CPU.Build.0 = Debug|Any CPU
		{468B17AA-5509-481D-884E-145978311BBA}.Release|Any CPU.ActiveCfg = Release|Any CPU
		{468B17AA-5509-481D-884E-145978311BBA}.Release|Any CPU.Build.0 = Release|Any CPU
		{888FC3BC-2589-4A5F-8235-5737053065A6}.Debug|Any CPU.ActiveCfg = Debug|Any CPU
		{888FC3BC-2589-4A5F-8235-5737053065A6}.Debug|Any CPU.Build.0 = Debug|Any CPU
		{888FC3BC-2589-4A5F-8235-5737053065A6}.Release|Any CPU.ActiveCfg = Release|Any CPU
		{888FC3BC-2589-4A5F-8235-5737053065A6}.Release|Any CPU.Build.0 = Release|Any CPU
		{C1C28F48-3853-4DE1-8322-FAAC7003967C}.Debug|Any CPU.ActiveCfg = Debug|Any CPU
		{C1C28F48-3853-4DE1-8322-FAAC7003967C}.Debug|Any CPU.Build.0 = Debug|Any CPU
		{C1C28F48-3853-4DE1-8322-FAAC7003967C}.Release|Any CPU.ActiveCfg = Release|Any CPU
		{C1C28F48-3853-4DE1-8322-FAAC7003967C}.Release|Any CPU.Build.0 = Release|Any CPU
		{2C853D62-1396-4329-BABB-AE270F0150EA}.Debug|Any CPU.ActiveCfg = Debug|Any CPU
		{2C853D62-1396-4329-BABB-AE270F0150EA}.Debug|Any CPU.Build.0 = Debug|Any CPU
		{2C853D62-1396-4329-BABB-AE270F0150EA}.Release|Any CPU.ActiveCfg = Release|Any CPU
		{2C853D62-1396-4329-BABB-AE270F0150EA}.Release|Any CPU.Build.0 = Release|Any CPU
		{EDA385EF-583C-4ABB-988F-9FD369AE1AF4}.Debug|Any CPU.ActiveCfg = Debug|Any CPU
		{EDA385EF-583C-4ABB-988F-9FD369AE1AF4}.Debug|Any CPU.Build.0 = Debug|Any CPU
		{EDA385EF-583C-4ABB-988F-9FD369AE1AF4}.Release|Any CPU.ActiveCfg = Release|Any CPU
		{EDA385EF-583C-4ABB-988F-9FD369AE1AF4}.Release|Any CPU.Build.0 = Release|Any CPU
		{49F68369-5621-487F-9C12-9DCF447A100E}.Debug|Any CPU.ActiveCfg = Debug|Any CPU
		{49F68369-5621-487F-9C12-9DCF447A100E}.Debug|Any CPU.Build.0 = Debug|Any CPU
		{49F68369-5621-487F-9C12-9DCF447A100E}.Release|Any CPU.ActiveCfg = Release|Any CPU
		{49F68369-5621-487F-9C12-9DCF447A100E}.Release|Any CPU.Build.0 = Release|Any CPU
	EndGlobalSection
	GlobalSection(SolutionProperties) = preSolution
		HideSolutionNode = FALSE
	EndGlobalSection
	GlobalSection(NestedProjects) = preSolution
		{62E576F6-E0F9-43AC-848E-97E7E93E4EF0} = {21874FF3-BE97-4F3B-AD63-EC347FF757FF}
		{FACCC87C-37E3-4095-9997-75EE3C54CD49} = {62241700-24B6-4D13-A183-2502D628ED43}
		{468B17AA-5509-481D-884E-145978311BBA} = {CA676E97-11D2-4D19-96DA-2B66392A05D5}
		{888FC3BC-2589-4A5F-8235-5737053065A6} = {62241700-24B6-4D13-A183-2502D628ED43}
		{C1C28F48-3853-4DE1-8322-FAAC7003967C} = {21874FF3-BE97-4F3B-AD63-EC347FF757FF}
		{2C853D62-1396-4329-BABB-AE270F0150EA} = {21874FF3-BE97-4F3B-AD63-EC347FF757FF}
		{EDA385EF-583C-4ABB-988F-9FD369AE1AF4} = {05F3437D-4BDE-4E13-9888-DA23E61569C6}
		{49F68369-5621-487F-9C12-9DCF447A100E} = {05F3437D-4BDE-4E13-9888-DA23E61569C6}
	EndGlobalSection
	GlobalSection(ExtensibilityGlobals) = postSolution
		SolutionGuid = {41DEFC27-E139-4A35-989F-DA872E4B9F0A}
	EndGlobalSection
EndGlobal
